version = 1
revision = 3
requires-python = ">=3.12"

[[package]]
name = "annotated-types"
version = "0.7.0"
source = { registry = "https://pypi.org/simple" }
sdist = { url = "https://files.pythonhosted.org/packages/ee/67/531ea369ba64dcff5ec9c3402f9f51bf748cec26dde048a2f973a4eea7f5/annotated_types-0.7.0.tar.gz", hash = "sha256:aff07c09a53a08bc8cfccb9c85b05f1aa9a2a6f23728d790723543408344ce89", size = 16081, upload-time = "2024-05-20T21:33:25.928Z" }
wheels = [
    { url = "https://files.pythonhosted.org/packages/78/b6/6307fbef88d9b5ee7421e68d78a9f162e0da4900bc5f5793f6d3d0e34fb8/annotated_types-0.7.0-py3-none-any.whl", hash = "sha256:1f02e8b43a8fbbc3f3e0d4f0f4bfc8131bcb4eebe8849b8e5c773f3a1c582a53", size = 13643, upload-time = "2024-05-20T21:33:24.1Z" },
]

[[package]]
name = "anyio"
version = "3.7.1"
source = { registry = "https://pypi.org/simple" }
dependencies = [
    { name = "idna" },
    { name = "sniffio" },
]
sdist = { url = "https://files.pythonhosted.org/packages/28/99/2dfd53fd55ce9838e6ff2d4dac20ce58263798bd1a0dbe18b3a9af3fcfce/anyio-3.7.1.tar.gz", hash = "sha256:44a3c9aba0f5defa43261a8b3efb97891f2bd7d804e0e1f56419befa1adfc780", size = 142927, upload-time = "2023-07-05T16:45:02.294Z" }
wheels = [
    { url = "https://files.pythonhosted.org/packages/19/24/44299477fe7dcc9cb58d0a57d5a7588d6af2ff403fdd2d47a246c91a3246/anyio-3.7.1-py3-none-any.whl", hash = "sha256:91dee416e570e92c64041bd18b900d1d6fa78dff7048769ce5ac5ddad004fbb5", size = 80896, upload-time = "2023-07-05T16:44:59.805Z" },
]

[[package]]
name = "certifi"
version = "2025.10.5"
source = { registry = "https://pypi.org/simple" }
sdist = { url = "https://files.pythonhosted.org/packages/4c/5b/b6ce21586237c77ce67d01dc5507039d444b630dd76611bbca2d8e5dcd91/certifi-2025.10.5.tar.gz", hash = "sha256:47c09d31ccf2acf0be3f701ea53595ee7e0b8fa08801c6624be771df09ae7b43", size = 164519, upload-time = "2025-10-05T04:12:15.808Z" }
wheels = [
    { url = "https://files.pythonhosted.org/packages/e4/37/af0d2ef3967ac0d6113837b44a4f0bfe1328c2b9763bd5b1744520e5cfed/certifi-2025.10.5-py3-none-any.whl", hash = "sha256:0f212c2744a9bb6de0c56639a6f68afe01ecd92d91f14ae897c4fe7bbeeef0de", size = 163286, upload-time = "2025-10-05T04:12:14.03Z" },
]

[[package]]
name = "claimdb-api"
version = "0.1.0"
source = { editable = "." }
dependencies = [
    { name = "fastapi" },
    { name = "psycopg2-binary" },
    { name = "pydantic" },
    { name = "uvicorn" },
]

[package.optional-dependencies]
dev = [
    { name = "httpx" },
    { name = "pytest" },
    { name = "pytest-asyncio" },
]

[package.metadata]
requires-dist = [
    { name = "fastapi", specifier = "==0.104.1" },
    { name = "httpx", marker = "extra == 'dev'", specifier = ">=0.25.1" },
    { name = "psycopg2-binary", specifier = "==2.9.9" },
    { name = "pydantic", specifier = "==2.5.0" },
    { name = "pytest", marker = "extra == 'dev'", specifier = ">=7.4.3" },
    { name = "pytest-asyncio", marker = "extra == 'dev'", specifier = ">=0.21.1" },
    { name = "uvicorn", specifier = "==0.24.0" },
]
provides-extras = ["dev"]

[[package]]
name = "click"
version = "8.3.0"
source = { registry = "https://pypi.org/simple" }
dependencies = [
    { name = "colorama", marker = "sys_platform == 'win32'" },
]
sdist = { url = "https://files.pythonhosted.org/packages/46/61/de6cd827efad202d7057d93e0fed9294b96952e188f7384832791c7b2254/click-8.3.0.tar.gz", hash = "sha256:e7b8232224eba16f4ebe410c25ced9f7875cb5f3263ffc93cc3e8da705e229c4", size = 276943, upload-time = "2025-09-18T17:32:23.696Z" }
wheels = [
    { url = "https://files.pythonhosted.org/packages/db/d3/9dcc0f5797f070ec8edf30fbadfb200e71d9db6b84d211e3b2085a7589a0/click-8.3.0-py3-none-any.whl", hash = "sha256:9b9f285302c6e3064f4330c05f05b81945b2a39544279343e6e7c5f27a9baddc", size = 107295, upload-time = "2025-09-18T17:32:22.42Z" },
]

[[package]]
name = "colorama"
version = "0.4.6"
source = { registry = "https://pypi.org/simple" }
sdist = { url = "https://files.pythonhosted.org/packages/d8/53/6f443c9a4a8358a93a6792e2acffb9d9d5cb0a5cfd8802644b7b1c9a02e4/colorama-0.4.6.tar.gz", hash = "sha256:08695f5cb7ed6e0531a20572697297273c47b8cae5a63ffc6d6ed5c201be6e44", size = 27697, upload-time = "2022-10-25T02:36:22.414Z" }
wheels = [
    { url = "https://files.pythonhosted.org/packages/d1/d6/3965ed04c63042e047cb6a3e6ed1a63a35087b6a609aa3a15ed8ac56c221/colorama-0.4.6-py2.py3-none-any.whl", hash = "sha256:4f1d9991f5acc0ca119f9d443620b77f9d6b33703e51011c16baf57afb285fc6", size = 25335, upload-time = "2022-10-25T02:36:20.889Z" },
]

[[package]]
name = "fastapi"
version = "0.104.1"
source = { registry = "https://pypi.org/simple" }
dependencies = [
    { name = "anyio" },
    { name = "pydantic" },
    { name = "starlette" },
    { name = "typing-extensions" },
]
sdist = { url = "https://files.pythonhosted.org/packages/d9/d8/002e0ba7cf848a981b3ee92aaf5aa396c5700b0d7dec5d060031432a87d8/fastapi-0.104.1.tar.gz", hash = "sha256:e5e4540a7c5e1dcfbbcf5b903c234feddcdcd881f191977a1c5dfd917487e7ae", size = 11295150, upload-time = "2023-10-30T10:07:39.105Z" }
wheels = [
    { url = "https://files.pythonhosted.org/packages/f3/4f/0ce34195b63240b6693086496c9bab4ef23999112184399a3e88854c7674/fastapi-0.104.1-py3-none-any.whl", hash = "sha256:752dc31160cdbd0436bb93bad51560b57e525cbb1d4bbf6f4904ceee75548241", size = 92862, upload-time = "2023-10-30T10:07:35.636Z" },
]

[[package]]
name = "h11"
version = "0.16.0"
source = { registry = "https://pypi.org/simple" }
sdist = { url = "https://files.pythonhosted.org/packages/01/ee/02a2c011bdab74c6fb3c75474d40b3052059d95df7e73351460c8588d963/h11-0.16.0.tar.gz", hash = "sha256:4e35b956cf45792e4caa5885e69fba00bdbc6ffafbfa020300e549b208ee5ff1", size = 101250, upload-time = "2025-04-24T03:35:25.427Z" }
wheels = [
    { url = "https://files.pythonhosted.org/packages/04/4b/29cac41a4d98d144bf5f6d33995617b185d14b22401f75ca86f384e87ff1/h11-0.16.0-py3-none-any.whl", hash = "sha256:63cf8bbe7522de3bf65932fda1d9c2772064ffb3dae62d55932da54b31cb6c86", size = 37515, upload-time = "2025-04-24T03:35:24.344Z" },
]

[[package]]
name = "httpcore"
version = "1.0.9"
source = { registry = "https://pypi.org/simple" }
dependencies = [
    { name = "certifi" },
    { name = "h11" },
]
sdist = { url = "https://files.pythonhosted.org/packages/06/94/82699a10bca87a5556c9c59b5963f2d039dbd239f25bc2a63907a05a14cb/httpcore-1.0.9.tar.gz", hash = "sha256:6e34463af53fd2ab5d807f399a9b45ea31c3dfa2276f15a2c3f00afff6e176e8", size = 85484, upload-time = "2025-04-24T22:06:22.219Z" }
wheels = [
    { url = "https://files.pythonhosted.org/packages/7e/f5/f66802a942d491edb555dd61e3a9961140fd64c90bce1eafd741609d334d/httpcore-1.0.9-py3-none-any.whl", hash = "sha256:2d400746a40668fc9dec9810239072b40b4484b640a8c38fd654a024c7a1bf55", size = 78784, upload-time = "2025-04-24T22:06:20.566Z" },
]

[[package]]
name = "httpx"
version = "0.28.1"
source = { registry = "https://pypi.org/simple" }
dependencies = [
    { name = "anyio" },
    { name = "certifi" },
    { name = "httpcore" },
    { name = "idna" },
]
sdist = { url = "https://files.pythonhosted.org/packages/b1/df/48c586a5fe32a0f01324ee087459e112ebb7224f646c0b5023f5e79e9956/httpx-0.28.1.tar.gz", hash = "sha256:75e98c5f16b0f35b567856f597f06ff2270a374470a5c2392242528e3e3e42fc", size = 141406, upload-time = "2024-12-06T15:37:23.222Z" }
wheels = [
    { url = "https://files.pythonhosted.org/packages/2a/39/e50c7c3a983047577ee07d2a9e53faf5a69493943ec3f6a384bdc792deb2/httpx-0.28.1-py3-none-any.whl", hash = "sha256:d909fcccc110f8c7faf814ca82a9a4d816bc5a6dbfea25d6591d6985b8ba59ad", size = 73517, upload-time = "2024-12-06T15:37:21.509Z" },
]

[[package]]
name = "idna"
version = "3.11"
source = { registry = "https://pypi.org/simple" }
sdist = { url = "https://files.pythonhosted.org/packages/6f/6d/0703ccc57f3a7233505399edb88de3cbd678da106337b9fcde432b65ed60/idna-3.11.tar.gz", hash = "sha256:795dafcc9c04ed0c1fb032c2aa73654d8e8c5023a7df64a53f39190ada629902", size = 194582, upload-time = "2025-10-12T14:55:20.501Z" }
wheels = [
    { url = "https://files.pythonhosted.org/packages/0e/61/66938bbb5fc52dbdf84594873d5b51fb1f7c7794e9c0f5bd885f30bc507b/idna-3.11-py3-none-any.whl", hash = "sha256:771a87f49d9defaf64091e6e6fe9c18d4833f140bd19464795bc32d966ca37ea", size = 71008, upload-time = "2025-10-12T14:55:18.883Z" },
]

[[package]]
name = "iniconfig"
version = "2.1.0"
source = { registry = "https://pypi.org/simple" }
sdist = { url = "https://files.pythonhosted.org/packages/f2/97/ebf4da567aa6827c909642694d71c9fcf53e5b504f2d96afea02718862f3/iniconfig-2.1.0.tar.gz", hash = "sha256:3abbd2e30b36733fee78f9c7f7308f2d0050e88f0087fd25c2645f63c773e1c7", size = 4793, upload-time = "2025-03-19T20:09:59.721Z" }
wheels = [
    { url = "https://files.pythonhosted.org/packages/2c/e1/e6716421ea10d38022b952c159d5161ca1193197fb744506875fbb87ea7b/iniconfig-2.1.0-py3-none-any.whl", hash = "sha256:9deba5723312380e77435581c6bf4935c94cbfab9b1ed33ef8d238ea168eb760", size = 6050, upload-time = "2025-03-19T20:10:01.071Z" },
]

[[package]]
name = "packaging"
version = "25.0"
source = { registry = "https://pypi.org/simple" }
sdist = { url = "https://files.pythonhosted.org/packages/a1/d4/1fc4078c65507b51b96ca8f8c3ba19e6a61c8253c72794544580a7b6c24d/packaging-25.0.tar.gz", hash = "sha256:d443872c98d677bf60f6a1f2f8c1cb748e8fe762d2bf9d3148b5599295b0fc4f", size = 165727, upload-time = "2025-04-19T11:48:59.673Z" }
wheels = [
    { url = "https://files.pythonhosted.org/packages/20/12/38679034af332785aac8774540895e234f4d07f7545804097de4b666afd8/packaging-25.0-py3-none-any.whl", hash = "sha256:29572ef2b1f17581046b3a2227d5c611fb25ec70ca1ba8554b24b0e69331a484", size = 66469, upload-time = "2025-04-19T11:48:57.875Z" },
]

[[package]]
name = "pluggy"
version = "1.6.0"
source = { registry = "https://pypi.org/simple" }
sdist = { url = "https://files.pythonhosted.org/packages/f9/e2/3e91f31a7d2b083fe6ef3fa267035b518369d9511ffab804f839851d2779/pluggy-1.6.0.tar.gz", hash = "sha256:7dcc130b76258d33b90f61b658791dede3486c3e6bfb003ee5c9bfb396dd22f3", size = 69412, upload-time = "2025-05-15T12:30:07.975Z" }
wheels = [
    { url = "https://files.pythonhosted.org/packages/54/20/4d324d65cc6d9205fabedc306948156824eb9f0ee1633355a8f7ec5c66bf/pluggy-1.6.0-py3-none-any.whl", hash = "sha256:e920276dd6813095e9377c0bc5566d94c932c33b27a3e3945d8389c374dd4746", size = 20538, upload-time = "2025-05-15T12:30:06.134Z" },
]

[[package]]
name = "psycopg2-binary"
version = "2.9.9"
source = { registry = "https://pypi.org/simple" }
sdist = { url = "https://files.pythonhosted.org/packages/fc/07/e720e53bfab016ebcc34241695ccc06a9e3d91ba19b40ca81317afbdc440/psycopg2-binary-2.9.9.tar.gz", hash = "sha256:7f01846810177d829c7692f1f5ada8096762d9172af1b1a28d4ab5b77c923c1c", size = 384973, upload-time = "2023-10-03T12:48:55.128Z" }
wheels = [
    { url = "https://files.pythonhosted.org/packages/a7/d0/5f2db14e7b53552276ab613399a83f83f85b173a862d3f20580bc7231139/psycopg2_binary-2.9.9-cp312-cp312-macosx_10_9_x86_64.whl", hash = "sha256:8532fd6e6e2dc57bcb3bc90b079c60de896d2128c5d9d6f24a63875a95a088cf", size = 2823784, upload-time = "2023-10-03T12:47:00.404Z" },
    { url = "https://files.pythonhosted.org/packages/18/ca/da384fd47233e300e3e485c90e7aab5d7def896d1281239f75901faf87d4/psycopg2_binary-2.9.9-cp312-cp312-macosx_11_0_arm64.whl", hash = "sha256:b0605eaed3eb239e87df0d5e3c6489daae3f7388d455d0c0b4df899519c6a38d", size = 2553308, upload-time = "2023-11-01T10:40:33.984Z" },
    { url = "https://files.pythonhosted.org/packages/50/66/fa53d2d3d92f6e1ef469d92afc6a4fe3f6e8a9a04b687aa28fb1f1d954ee/psycopg2_binary-2.9.9-cp312-cp312-manylinux_2_17_aarch64.manylinux2014_aarch64.whl", hash = "sha256:8f8544b092a29a6ddd72f3556a9fcf249ec412e10ad28be6a0c0d948924f2212", size = 2851283, upload-time = "2023-10-03T12:47:02.736Z" },
    { url = "https://files.pythonhosted.org/packages/04/37/2429360ac5547378202db14eec0dde76edbe1f6627df5a43c7e164922859/psycopg2_binary-2.9.9-cp312-cp312-manylinux_2_17_i686.manylinux2014_i686.whl", hash = "sha256:2d423c8d8a3c82d08fe8af900ad5b613ce3632a1249fd6a223941d0735fce493", size = 3081839, upload-time = "2023-10-03T12:47:05.027Z" },
    { url = "https://files.pythonhosted.org/packages/62/2a/c0530b59d7e0d09824bc2102ecdcec0456b8ca4d47c0caa82e86fce3ed4c/psycopg2_binary-2.9.9-cp312-cp312-manylinux_2_17_ppc64le.manylinux2014_ppc64le.whl", hash = "sha256:2e5afae772c00980525f6d6ecf7cbca55676296b580c0e6abb407f15f3706996", size = 3264488, upload-time = "2023-10-03T12:47:08.962Z" },
    { url = "https://files.pythonhosted.org/packages/19/57/9f172b900795ea37246c78b5f52e00f4779984370855b3e161600156906d/psycopg2_binary-2.9.9-cp312-cp312-manylinux_2_17_x86_64.manylinux2014_x86_64.whl", hash = "sha256:6e6f98446430fdf41bd36d4faa6cb409f5140c1c2cf58ce0bbdaf16af7d3f119", size = 3020700, upload-time = "2023-10-03T12:47:12.23Z" },
    { url = "https://files.pythonhosted.org/packages/94/68/1176fc14ea76861b7b8360be5176e87fb20d5091b137c76570eb4e237324/psycopg2_binary-2.9.9-cp312-cp312-musllinux_1_1_aarch64.whl", hash = "sha256:c77e3d1862452565875eb31bdb45ac62502feabbd53429fdc39a1cc341d681ba", size = 2355968, upload-time = "2023-10-03T12:47:14.817Z" },
    { url = "https://files.pythonhosted.org/packages/70/bb/aec2646a705a09079d008ce88073401cd61fc9b04f92af3eb282caa3a2ec/psycopg2_binary-2.9.9-cp312-cp312-musllinux_1_1_i686.whl", hash = "sha256:cb16c65dcb648d0a43a2521f2f0a2300f40639f6f8c1ecbc662141e4e3e1ee07", size = 2536101, upload-time = "2023-10-03T12:47:17.454Z" },
    { url = "https://files.pythonhosted.org/packages/14/33/12818c157e333cb9d9e6753d1b2463b6f60dbc1fade115f8e4dc5c52cac4/psycopg2_binary-2.9.9-cp312-cp312-musllinux_1_1_ppc64le.whl", hash = "sha256:911dda9c487075abd54e644ccdf5e5c16773470a6a5d3826fda76699410066fb", size = 2487064, upload-time = "2023-10-03T12:47:20.717Z" },
    { url = "https://files.pythonhosted.org/packages/56/a2/7851c68fe8768f3c9c246198b6356ee3e4a8a7f6820cc798443faada3400/psycopg2_binary-2.9.9-cp312-cp312-musllinux_1_1_x86_64.whl", hash = "sha256:57fede879f08d23c85140a360c6a77709113efd1c993923c59fde17aa27599fe", size = 2456257, upload-time = "2023-10-03T12:47:23.004Z" },
    { url = "https://files.pythonhosted.org/packages/6f/ee/3ba07c6dc7c3294e717e94720da1597aedc82a10b1b180203ce183d4631a/psycopg2_binary-2.9.9-cp312-cp312-win32.whl", hash = "sha256:64cf30263844fa208851ebb13b0732ce674d8ec6a0c86a4e160495d299ba3c93", size = 1024709, upload-time = "2023-10-28T09:37:24.991Z" },
    { url = "https://files.pythonhosted.org/packages/7b/08/9c66c269b0d417a0af9fb969535f0371b8c538633535a7a6a5ca3f9231e2/psycopg2_binary-2.9.9-cp312-cp312-win_amd64.whl", hash = "sha256:81ff62668af011f9a48787564ab7eded4e9fb17a4a6a74af5ffa6a457400d2ab", size = 1163864, upload-time = "2023-10-28T09:37:28.155Z" },
]

[[package]]
name = "pydantic"
version = "2.5.0"
source = { registry = "https://pypi.org/simple" }
dependencies = [
    { name = "annotated-types" },
    { name = "pydantic-core" },
    { name = "typing-extensions" },
]
sdist = { url = "https://files.pythonhosted.org/packages/44/07/39d2b5c652a2cfdda6dd4d33a2eae345782f3d5c6e2f7a92c92d5da52b33/pydantic-2.5.0.tar.gz", hash = "sha256:69bd6fb62d2d04b7055f59a396993486a2ee586c43a0b89231ce0000de07627c", size = 677119, upload-time = "2023-11-13T17:17:49.17Z" }
wheels = [
    { url = "https://files.pythonhosted.org/packages/d7/10/ddfb9539a6e55f7dfd6c2b9b81d86fcba2761ba87eeb81f8b1012957dcdc/pydantic-2.5.0-py3-none-any.whl", hash = "sha256:7ce6e766c456ad026fe5712f7bcf036efc34bd5d107b3e669ef7ea01b3a9050c", size = 407491, upload-time = "2023-11-13T17:17:45.239Z" },
]

[[package]]
name = "pydantic-core"
version = "2.14.1"
source = { registry = "https://pypi.org/simple" }
dependencies = [
    { name = "typing-extensions" },
]
sdist = { url = "https://files.pythonhosted.org/packages/a8/f2/0be79498e0f645fff8cd58c0013f4d03e17a54047e703efb30a200a4a9b2/pydantic_core-2.14.1.tar.gz", hash = "sha256:0d82a6ee815388a362885186e431fac84c7a06623bc136f508e9f88261d8cadb", size = 359077, upload-time = "2023-11-09T13:24:55.704Z" }
wheels = [
    { url = "https://files.pythonhosted.org/packages/38/e5/f432d1bf9c10a0fe7bf8819ada23c68ccbf1c40ad358dac3abc126d87476/pydantic_core-2.14.1-cp312-cp312-macosx_10_7_x86_64.whl", hash = "sha256:587d75aec9ae50d0d63788cec38bf13c5128b3fc1411aa4b9398ebac884ab179", size = 1856037, upload-time = "2023-11-09T13:21:29.719Z" },
    { url = "https://files.pythonhosted.org/packages/e6/bf/13b52f568786732e807ebabe51739a4d9a2bcce5cb8f182a69b8ef987bc5/pydantic_core-2.14.1-cp312-cp312-macosx_11_0_arm64.whl", hash = "sha256:26242e3593d4929123615bd9365dd86ef79b7b0592d64a96cd11fd83c69c9f34", size = 1710416, upload-time = "2023-11-09T13:21:31.625Z" },
    { url = "https://files.pythonhosted.org/packages/6e/0d/a55c0c257aa605a4cd4376e80665a08f02fb41612d416e654da279b18bc6/pydantic_core-2.14.1-cp312-cp312-manylinux_2_17_aarch64.manylinux2014_aarch64.whl", hash = "sha256:5879ac4791508d8f0eb7dec71ff8521855180688dac0c55f8c99fc4d1a939845", size = 1824883, upload-time = "2023-11-09T13:21:33.405Z" },
    { url = "https://files.pythonhosted.org/packages/4c/59/8903e4324298f6c5a28d8934e6193ea0d4ed687dfc5aa1453ff0f95faf0b/pydantic_core-2.14.1-cp312-cp312-manylinux_2_17_armv7l.manylinux2014_armv7l.whl", hash = "sha256:ad9ea86f5fc50f1b62c31184767fe0cacaa13b54fe57d38898c3776d30602411", size = 1835090, upload-time = "2023-11-09T13:21:35.745Z" },
    { url = "https://files.pythonhosted.org/packages/60/1a/6b90e497c8e8aa1014ccea46d93e420cd4be183058952158f2351ce33e48/pydantic_core-2.14.1-cp312-cp312-manylinux_2_17_ppc64le.manylinux2014_ppc64le.whl", hash = "sha256:102ac85a775e77821943ae38da9634ddd774b37a8d407181b4f7b05cdfb36b55", size = 1997646, upload-time = "2023-11-09T13:21:38.382Z" },
    { url = "https://files.pythonhosted.org/packages/06/8d/023ebb75c8daad8a0d1109948b82237284adb0be86b6fc8c5d54e9683d7a/pydantic_core-2.14.1-cp312-cp312-manylinux_2_17_s390x.manylinux2014_s390x.whl", hash = "sha256:2459cc06572730e079ec1e694e8f68c99d977b40d98748ae72ff11ef21a56b0b", size = 2991445, upload-time = "2023-11-09T13:21:40.459Z" },
    { url = "https://files.pythonhosted.org/packages/4d/85/6300b9bcec95d04903764afb485f2c2343e007a15fa6b7620bba0eb5715d/pydantic_core-2.14.1-cp312-cp312-manylinux_2_17_x86_64.manylinux2014_x86_64.whl", hash = "sha256:217dcbfaf429a9b8f1d54eb380908b9c778e78f31378283b30ba463c21e89d5d", size = 2064902, upload-time = "2023-11-09T13:21:43.097Z" },
    { url = "https://files.pythonhosted.org/packages/fb/e7/b7e0c92bf712429ee627cbcbd15ef68b4330f0b8bcb285eed53553ecd2f4/pydantic_core-2.14.1-cp312-cp312-manylinux_2_5_i686.manylinux1_i686.whl", hash = "sha256:9d59e0d7cdfe8ed1d4fcd28aad09625c715dc18976c7067e37d8a11b06f4be3e", size = 1922668, upload-time = "2023-11-09T13:21:45.131Z" },
    { url = "https://files.pythonhosted.org/packages/1f/c4/5638b9ad1053aeb66384e3a248ef1f37e5fcc0d5695ec9a15e4df81be54d/pydantic_core-2.14.1-cp312-cp312-musllinux_1_1_aarch64.whl", hash = "sha256:e2be646a5155d408e68b560c0553e8a83dc7b9f90ec6e5a2fc3ff216719385db", size = 1999542, upload-time = "2023-11-09T13:21:47.664Z" },
    { url = "https://files.pythonhosted.org/packages/74/20/2389be6093f6ec2e9351fe0f9270b239f039c0da9e4b38cbe06e7f650b1c/pydantic_core-2.14.1-cp312-cp312-musllinux_1_1_x86_64.whl", hash = "sha256:ffba979801e3931a19cd30ed2049450820effe8f152aaa317e2fd93795d318d7", size = 2127246, upload-time = "2023-11-09T13:21:50.209Z" },
    { url = "https://files.pythonhosted.org/packages/f2/47/a0cd42721edf31556006278d34c02f1c45ddf5aa0bbd629824a4412b776f/pydantic_core-2.14.1-cp312-none-win32.whl", hash = "sha256:132b40e479cb5cebbbb681f77aaceabbc8355df16c9124cff1d4060ada83cde2", size = 1738151, upload-time = "2023-11-09T13:21:52.596Z" },
    { url = "https://files.pythonhosted.org/packages/f6/4a/ae0d4c98d97bd042162a9de7cea4b2f655b5876cd0557ff451eedf0778e6/pydantic_core-2.14.1-cp312-none-win_amd64.whl", hash = "sha256:744b807fe2733b6da3b53e8ad93e8b3ea3ee3dfc3abece4dd2824cc1f39aa343", size = 1864110, upload-time = "2023-11-09T13:21:54.632Z" },
    { url = "https://files.pythonhosted.org/packages/7e/9a/3d9f3a750a67cc3d1115c0581280025cadc1cbd55d5c60d1ba80c8de7535/pydantic_core-2.14.1-cp312-none-win_arm64.whl", hash = "sha256:24ba48f9d0b8d64fc5e42e1600366c3d7db701201294989aebdaca23110c02ab", size = 1847510, upload-time = "2023-11-09T13:21:57.252Z" },
]

[[package]]
name = "pygments"
version = "2.19.2"
source = { registry = "https://pypi.org/simple" }
sdist = { url = "https://files.pythonhosted.org/packages/b0/77/a5b8c569bf593b0140bde72ea885a803b82086995367bf2037de0159d924/pygments-2.19.2.tar.gz", hash = "sha256:636cb2477cec7f8952536970bc533bc43743542f70392ae026374600add5b887", size = 4968631, upload-time = "2025-06-21T13:39:12.283Z" }
wheels = [
    { url = "https://files.pythonhosted.org/packages/c7/21/705964c7812476f378728bdf590ca4b771ec72385c533964653c68e86bdc/pygments-2.19.2-py3-none-any.whl", hash = "sha256:86540386c03d588bb81d44bc3928634ff26449851e99741617ecb9037ee5ec0b", size = 1225217, upload-time = "2025-06-21T13:39:07.939Z" },
]

[[package]]
name = "pytest"
version = "8.4.2"
source = { registry = "https://pypi.org/simple" }
dependencies = [
    { name = "colorama", marker = "sys_platform == 'win32'" },
    { name = "iniconfig" },
    { name = "packaging" },
    { name = "pluggy" },
    { name = "pygments" },
]
sdist = { url = "https://files.pythonhosted.org/packages/a3/5c/00a0e072241553e1a7496d638deababa67c5058571567b92a7eaa258397c/pytest-8.4.2.tar.gz", hash = "sha256:86c0d0b93306b961d58d62a4db4879f27fe25513d4b969df351abdddb3c30e01", size = 1519618, upload-time = "2025-09-04T14:34:22.711Z" }
wheels = [
    { url = "https://files.pythonhosted.org/packages/a8/a4/20da314d277121d6534b3a980b29035dcd51e6744bd79075a6ce8fa4eb8d/pytest-8.4.2-py3-none-any.whl", hash = "sha256:872f880de3fc3a5bdc88a11b39c9710c3497a547cfa9320bc3c5e62fbf272e79", size = 365750, upload-time = "2025-09-04T14:34:20.226Z" },
]

[[package]]
name = "pytest-asyncio"
version = "1.2.0"
source = { registry = "https://pypi.org/simple" }
dependencies = [
    { name = "pytest" },
    { name = "typing-extensions", marker = "python_full_version < '3.13'" },
]
sdist = { url = "https://files.pythonhosted.org/packages/42/86/9e3c5f48f7b7b638b216e4b9e645f54d199d7abbbab7a64a13b4e12ba10f/pytest_asyncio-1.2.0.tar.gz", hash = "sha256:c609a64a2a8768462d0c99811ddb8bd2583c33fd33cf7f21af1c142e824ffb57", size = 50119, upload-time = "2025-09-12T07:33:53.816Z" }
wheels = [
    { url = "https://files.pythonhosted.org/packages/04/93/2fa34714b7a4ae72f2f8dad66ba17dd9a2c793220719e736dda28b7aec27/pytest_asyncio-1.2.0-py3-none-any.whl", hash = "sha256:8e17ae5e46d8e7efe51ab6494dd2010f4ca8dae51652aa3c8d55acf50bfb2e99", size = 15095, upload-time = "2025-09-12T07:33:52.639Z" },
]

[[package]]
name = "sniffio"
version = "1.3.1"
source = { registry = "https://pypi.org/simple" }
sdist = { url = "https://files.pythonhosted.org/packages/a2/87/a6771e1546d97e7e041b6ae58d80074f81b7d5121207425c964ddf5cfdbd/sniffio-1.3.1.tar.gz", hash = "sha256:f4324edc670a0f49750a81b895f35c3adb843cca46f0530f79fc1babb23789dc", size = 20372, upload-time = "2024-02-25T23:20:04.057Z" }
wheels = [
    { url = "https://files.pythonhosted.org/packages/e9/44/75a9c9421471a6c4805dbf2356f7c181a29c1879239abab1ea2cc8f38b40/sniffio-1.3.1-py3-none-any.whl", hash = "sha256:2f6da418d1f1e0fddd844478f41680e794e6051915791a034ff65e5f100525a2", size = 10235, upload-time = "2024-02-25T23:20:01.196Z" },
]

[[package]]
name = "starlette"
version = "0.27.0"
source = { registry = "https://pypi.org/simple" }
dependencies = [
    { name = "anyio" },
]
sdist = { url = "https://files.pythonhosted.org/packages/06/68/559bed5484e746f1ab2ebbe22312f2c25ec62e4b534916d41a8c21147bf8/starlette-0.27.0.tar.gz", hash = "sha256:6a6b0d042acb8d469a01eba54e9cda6cbd24ac602c4cd016723117d6a7e73b75", size = 51394, upload-time = "2023-05-16T10:59:56.286Z" }
wheels = [
    { url = "https://files.pythonhosted.org/packages/58/f8/e2cca22387965584a409795913b774235752be4176d276714e15e1a58884/starlette-0.27.0-py3-none-any.whl", hash = "sha256:918416370e846586541235ccd38a474c08b80443ed31c578a418e2209b3eef91", size = 66978, upload-time = "2023-05-16T10:59:53.927Z" },
]

[[package]]
name = "typing-extensions"
version = "4.15.0"
source = { registry = "https://pypi.org/simple" }
sdist = { url = "https://files.pythonhosted.org/packages/72/94/1a15dd82efb362ac84269196e94cf00f187f7ed21c242792a923cdb1c61f/typing_extensions-4.15.0.tar.gz", hash = "sha256:0cea48d173cc12fa28ecabc3b837ea3cf6f38c6d1136f85cbaaf598984861466", size = 109391, upload-time = "2025-08-25T13:49:26.313Z" }
wheels = [
    { url = "https://files.pythonhosted.org/packages/18/67/36e9267722cc04a6b9f15c7f3441c2363321a3ea07da7ae0c0707beb2a9c/typing_extensions-4.15.0-py3-none-any.whl", hash = "sha256:f0fa19c6845758ab08074a0cfa8b7aecb71c999ca73d62883bc25cc018c4e548", size = 44614, upload-time = "2025-08-25T13:49:24.86Z" },
]

[[package]]
name = "uvicorn"
version = "0.24.0"
source = { registry = "https://pypi.org/simple" }
dependencies = [
    { name = "click" },
    { name = "h11" },
]
sdist = { url = "https://files.pythonhosted.org/packages/af/c9/dc0b3b6f944271d5f71564c2db08a1879a384cda7100f6f2f71b4ec9b751/uvicorn-0.24.0.tar.gz", hash = "sha256:368d5d81520a51be96431845169c225d771c9dd22a58613e1a181e6c4512ac33", size = 40092, upload-time = "2023-11-04T19:31:11.834Z" }
wheels = [
    { url = "https://files.pythonhosted.org/packages/ed/0c/a9b90a856bbdd75bf71a1dd191af1e9c9ac8a272ed337f7200950c3d3dd4/uvicorn-0.24.0-py3-none-any.whl", hash = "sha256:3d19f13dfd2c2af1bfe34dd0f7155118ce689425fdf931177abe832ca44b8a04", size = 59609, upload-time = "2023-11-04T19:31:09.321Z" },
]
